Microsoft Visual Studio Solution File, Format Version 12.00
# Visual Studio 2012
Project("{FAE04EC0-301F-11D3-BF4B-00C04F79EFBC}") = "GodotSharp", "GodotSharp\GodotSharp.csproj", "{AEBF0036-DA76-4341-B651-A3F2856AB2FA}"
EndProject
Project("{FAE04EC0-301F-11D3-BF4B-00C04F79EFBC}") = "GodotSharpEditor", "GodotSharpEditor\GodotSharpEditor.csproj", "{8FBEC238-D944-4074-8548-B3B524305905}"
EndProject
Global
	GlobalSection(SolutionConfigurationPlatforms) = preSolution
	Debug|Any CPU = Debug|Any CPU
	Release|Any CPU = Release|Any CPU
	EndGlobalSection
	GlobalSection(ProjectConfigurationPlatforms) = postSolution
		{AEBF0036-DA76-4341-B651-A3F2856AB2FA}.Debug|Any CPU.ActiveCfg = Debug|Any CPU
		{AEBF0036-DA76-4341-B651-A3F2856AB2FA}.Debug|Any CPU.Build.0 = Debug|Any CPU
		{AEBF0036-DA76-4341-B651-A3F2856AB2FA}.Release|Any CPU.ActiveCfg = Release|Any CPU
		{AEBF0036-DA76-4341-B651-A3F2856AB2FA}.Release|Any CPU.Build.0 = Release|Any CPU
		{8FBEC238-D944-4074-8548-B3B524305905}.Debug|Any CPU.ActiveCfg = Debug|Any CPU
		{8FBEC238-D944-4074-8548-B3B524305905}.Debug|Any CPU.Build.0 = Debug|Any CPU
		{8FBEC238-D944-4074-8548-B3B524305905}.Release|Any CPU.ActiveCfg = Release|Any CPU
		{8FBEC238-D944-4074-8548-B3B524305905}.Release|Any CPU.Build.0 = Release|Any CPU
	EndGlobalSection
EndGlobal
