
Microsoft Visual Studio Solution File, Format Version 12.00
# Visual Studio 2012
Project("{8BC9CEB8-8B4A-11D0-8D11-00A0C91BC942}") = "Godot", "Godot.vcxproj", "{09DDD538-FB82-4A52-8FAE-2B8AF206F974}"
EndProject
Global
	GlobalSection(SolutionConfigurationPlatforms) = preSolution
		Debug|Win32 = Debug|Win32
		Release|Win32 = Release|Win32
	EndGlobalSection
	GlobalSection(ProjectConfigurationPlatforms) = postSolution
		{09DDD538-FB82-4A52-8FAE-2B8AF206F974}.Debug|Win32.ActiveCfg = Debug|Win32
		{09DDD538-FB82-4A52-8FAE-2B8AF206F974}.Debug|Win32.Build.0 = Debug|Win32
		{09DDD538-FB82-4A52-8FAE-2B8AF206F974}.Release|Win32.ActiveCfg = Release|Win32
		{09DDD538-FB82-4A52-8FAE-2B8AF206F974}.Release|Win32.Build.0 = Release|Win32
	EndGlobalSection
	GlobalSection(SolutionProperties) = preSolution
		HideSolutionNode = FALSE
	EndGlobalSection
EndGlobal
