
Microsoft Visual Studio Solution File, Format Version 12.00
# Visual Studio 15
VisualStudioVersion = 15.0.28307.168
MinimumVisualStudioVersion = 10.0.40219.1
Project("{9A19103F-16F7-4668-BE54-9A1E7A4F7556}") = "GodotSharpTools", "GodotSharpTools\GodotSharpTools.csproj", "{3FFAB224-8864-49E6-9A73-1E369C0350B1}"
EndProject
Project("{9A19103F-16F7-4668-BE54-9A1E7A4F7556}") = "GodotSharpTools.Test", "GodotSharpTools.Test\GodotSharpTools.Test.csproj", "{56131899-5349-4E81-B180-EAC34042B81C}"
EndProject
Global
	GlobalSection(SolutionConfigurationPlatforms) = preSolution
		Debug|Any CPU = Debug|Any CPU
		Release|Any CPU = Release|Any CPU
	EndGlobalSection
	GlobalSection(ProjectConfigurationPlatforms) = postSolution
		{3FFAB224-8864-49E6-9A73-1E369C0350B1}.Debug|Any CPU.ActiveCfg = Debug|Any CPU
		{3FFAB224-8864-49E6-9A73-1E369C0350B1}.Debug|Any CPU.Build.0 = Debug|Any CPU
		{3FFAB224-8864-49E6-9A73-1E369C0350B1}.Release|Any CPU.ActiveCfg = Release|Any CPU
		{3FFAB224-8864-49E6-9A73-1E369C0350B1}.Release|Any CPU.Build.0 = Release|Any CPU
		{56131899-5349-4E81-B180-EAC34042B81C}.Debug|Any CPU.ActiveCfg = Debug|Any CPU
		{56131899-5349-4E81-B180-EAC34042B81C}.Debug|Any CPU.Build.0 = Debug|Any CPU
		{56131899-5349-4E81-B180-EAC34042B81C}.Release|Any CPU.ActiveCfg = Release|Any CPU
		{56131899-5349-4E81-B180-EAC34042B81C}.Release|Any CPU.Build.0 = Release|Any CPU
	EndGlobalSection
	GlobalSection(SolutionProperties) = preSolution
		HideSolutionNode = FALSE
	EndGlobalSection
	GlobalSection(ExtensibilityGlobals) = postSolution
		SolutionGuid = {4BB2643B-1571-4FEF-8D06-7E5B354E1222}
	EndGlobalSection
EndGlobal
