
Microsoft Visual Studio Solution File, Format Version 12.00
# Visual Studio Version 17
VisualStudioVersion = 17.9.34728.123
MinimumVisualStudioVersion = 10.0.40219.1
Project("{FAE04EC0-301F-11D3-BF4B-00C04F79EFBC}") = "Godot.NET.Sdk", "Godot.NET.Sdk\Godot.NET.Sdk.csproj", "{31B00BFA-DEA1-42FA-A472-9E54A92A8A5F}"
EndProject
Project("{FAE04EC0-301F-11D3-BF4B-00C04F79EFBC}") = "Godot.SourceGenerators", "Godot.SourceGenerators\Godot.SourceGenerators.csproj", "{32D31B23-2A45-4099-B4F5-95B4C8FF7D9F}"
EndProject
Project("{FAE04EC0-301F-11D3-BF4B-00C04F79EFBC}") = "Godot.SourceGenerators.Sample", "Godot.SourceGenerators.Sample\Godot.SourceGenerators.Sample.csproj", "{7297A614-8DF5-43DE-9EAD-99671B26BD1F}"
EndProject
Project("{FAE04EC0-301F-11D3-BF4B-00C04F79EFBC}") = "Godot.SourceGenerators.Tests", "Godot.SourceGenerators.Tests\Godot.SourceGenerators.Tests.csproj", "{07E6D201-35C9-4463-9B29-D16621EA733D}"
EndProject
Project("{FAE04EC0-301F-11D3-BF4B-00C04F79EFBC}") = "GodotSharp", "..\..\glue\GodotSharp\GodotSharp\GodotSharp.csproj", "{AEBF0036-DA76-4341-B651-A3F2856AB2FA}"
EndProject
Global
	GlobalSection(SolutionConfigurationPlatforms) = preSolution
		Debug|Any CPU = Debug|Any CPU
		Release|Any CPU = Release|Any CPU
	EndGlobalSection
	GlobalSection(ProjectConfigurationPlatforms) = postSolution
		{31B00BFA-DEA1-42FA-A472-9E54A92A8A5F}.Debug|Any CPU.ActiveCfg = Debug|Any CPU
		{31B00BFA-DEA1-42FA-A472-9E54A92A8A5F}.Debug|Any CPU.Build.0 = Debug|Any CPU
		{31B00BFA-DEA1-42FA-A472-9E54A92A8A5F}.Release|Any CPU.ActiveCfg = Release|Any CPU
		{31B00BFA-DEA1-42FA-A472-9E54A92A8A5F}.Release|Any CPU.Build.0 = Release|Any CPU
		{32D31B23-2A45-4099-B4F5-95B4C8FF7D9F}.Debug|Any CPU.ActiveCfg = Debug|Any CPU
		{32D31B23-2A45-4099-B4F5-95B4C8FF7D9F}.Debug|Any CPU.Build.0 = Debug|Any CPU
		{32D31B23-2A45-4099-B4F5-95B4C8FF7D9F}.Release|Any CPU.ActiveCfg = Release|Any CPU
		{32D31B23-2A45-4099-B4F5-95B4C8FF7D9F}.Release|Any CPU.Build.0 = Release|Any CPU
		{7297A614-8DF5-43DE-9EAD-99671B26BD1F}.Debug|Any CPU.ActiveCfg = Debug|Any CPU
		{7297A614-8DF5-43DE-9EAD-99671B26BD1F}.Debug|Any CPU.Build.0 = Debug|Any CPU
		{7297A614-8DF5-43DE-9EAD-99671B26BD1F}.Release|Any CPU.ActiveCfg = Release|Any CPU
		{7297A614-8DF5-43DE-9EAD-99671B26BD1F}.Release|Any CPU.Build.0 = Release|Any CPU
		{07E6D201-35C9-4463-9B29-D16621EA733D}.Debug|Any CPU.ActiveCfg = Debug|Any CPU
		{07E6D201-35C9-4463-9B29-D16621EA733D}.Debug|Any CPU.Build.0 = Debug|Any CPU
		{07E6D201-35C9-4463-9B29-D16621EA733D}.Release|Any CPU.ActiveCfg = Release|Any CPU
		{07E6D201-35C9-4463-9B29-D16621EA733D}.Release|Any CPU.Build.0 = Release|Any CPU
		{AEBF0036-DA76-4341-B651-A3F2856AB2FA}.Debug|Any CPU.ActiveCfg = Debug|Any CPU
		{AEBF0036-DA76-4341-B651-A3F2856AB2FA}.Debug|Any CPU.Build.0 = Debug|Any CPU
		{AEBF0036-DA76-4341-B651-A3F2856AB2FA}.Release|Any CPU.ActiveCfg = Release|Any CPU
		{AEBF0036-DA76-4341-B651-A3F2856AB2FA}.Release|Any CPU.Build.0 = Release|Any CPU
	EndGlobalSection
	GlobalSection(SolutionProperties) = preSolution
		HideSolutionNode = FALSE
	EndGlobalSection
	GlobalSection(ExtensibilityGlobals) = postSolution
		SolutionGuid = {49831022-16BD-41E0-A5F3-EDE1279F4176}
	EndGlobalSection
EndGlobal
