
Microsoft Visual Studio Solution File, Format Version 12.00
# Visual Studio Express 2013 for Windows Desktop
VisualStudioVersion = 12.0.20617.1 PREVIEW
MinimumVisualStudioVersion = 10.0.40219.1
Project("{8BC9CEB8-8B4A-11D0-8D11-00A0C91BC942}") = "test", "test.vcxproj", "{6B3E6769-052D-4BC0-9D2C-E9127C3DBB26}"
EndProject
Global
	GlobalSection(SolutionConfigurationPlatforms) = preSolution
		Debug|Win32 = Debug|Win32
		Debug|x64 = Debug|x64
		Release|Win32 = Release|Win32
		Release|x64 = Release|x64
	EndGlobalSection
	GlobalSection(ProjectConfigurationPlatforms) = postSolution
		{6B3E6769-052D-4BC0-9D2C-E9127C3DBB26}.Debug|Win32.ActiveCfg = Debug|Win32
		{6B3E6769-052D-4BC0-9D2C-E9127C3DBB26}.Debug|Win32.Build.0 = Debug|Win32
		{6B3E6769-052D-4BC0-9D2C-E9127C3DBB26}.Debug|x64.ActiveCfg = Debug|x64
		{6B3E6769-052D-4BC0-9D2C-E9127C3DBB26}.Debug|x64.Build.0 = Debug|x64
		{6B3E6769-052D-4BC0-9D2C-E9127C3DBB26}.Release|Win32.ActiveCfg = Release|Win32
		{6B3E6769-052D-4BC0-9D2C-E9127C3DBB26}.Release|Win32.Build.0 = Release|Win32
		{6B3E6769-052D-4BC0-9D2C-E9127C3DBB26}.Release|x64.ActiveCfg = Release|x64
		{6B3E6769-052D-4BC0-9D2C-E9127C3DBB26}.Release|x64.Build.0 = Release|x64
	EndGlobalSection
	GlobalSection(SolutionProperties) = preSolution
		HideSolutionNode = FALSE
	EndGlobalSection
EndGlobal
