
Microsoft Visual Studio Solution File, Format Version 12.00
# Visual Studio 15
VisualStudioVersion = 15.0.27703.2047
MinimumVisualStudioVersion = 10.0.40219.1
Project("{8BC9CEB8-8B4A-11D0-8D11-00A0C91BC942}") = "server", "server.vcxproj", "{864CD288-050A-4C8B-9BEF-3048BD876C5B}"
EndProject
Project("{8BC9CEB8-8B4A-11D0-8D11-00A0C91BC942}") = "client", "client.vcxproj", "{6DB1FC63-B153-4279-92B7-D8A11AF285D6}"
EndProject
Project("{2150E333-8FDC-42A3-9474-1A3956D46DE8}") = "Solution Items", "Solution Items", "{280E605F-0CB8-4336-8D9F-CE50A9472AE2}"
	ProjectSection(SolutionItems) = preProject
		..\README.md = ..\README.md
	EndProjectSection
EndProject
Global
	GlobalSection(SolutionConfigurationPlatforms) = preSolution
		Debug|Win32 = Debug|Win32
		Debug|x64 = Debug|x64
		Release|Win32 = Release|Win32
		Release|x64 = Release|x64
	EndGlobalSection
	GlobalSection(ProjectConfigurationPlatforms) = postSolution
		{864CD288-050A-4C8B-9BEF-3048BD876C5B}.Debug|Win32.ActiveCfg = Debug|Win32
		{864CD288-050A-4C8B-9BEF-3048BD876C5B}.Debug|Win32.Build.0 = Debug|Win32
		{864CD288-050A-4C8B-9BEF-3048BD876C5B}.Debug|x64.ActiveCfg = Debug|x64
		{864CD288-050A-4C8B-9BEF-3048BD876C5B}.Debug|x64.Build.0 = Debug|x64
		{864CD288-050A-4C8B-9BEF-3048BD876C5B}.Release|Win32.ActiveCfg = Release|Win32
		{864CD288-050A-4C8B-9BEF-3048BD876C5B}.Release|Win32.Build.0 = Release|Win32
		{864CD288-050A-4C8B-9BEF-3048BD876C5B}.Release|x64.ActiveCfg = Release|x64
		{864CD288-050A-4C8B-9BEF-3048BD876C5B}.Release|x64.Build.0 = Release|x64
		{6DB1FC63-B153-4279-92B7-D8A11AF285D6}.Debug|Win32.ActiveCfg = Debug|Win32
		{6DB1FC63-B153-4279-92B7-D8A11AF285D6}.Debug|Win32.Build.0 = Debug|Win32
		{6DB1FC63-B153-4279-92B7-D8A11AF285D6}.Debug|x64.ActiveCfg = Debug|x64
		{6DB1FC63-B153-4279-92B7-D8A11AF285D6}.Debug|x64.Build.0 = Debug|x64
		{6DB1FC63-B153-4279-92B7-D8A11AF285D6}.Release|Win32.ActiveCfg = Release|Win32
		{6DB1FC63-B153-4279-92B7-D8A11AF285D6}.Release|Win32.Build.0 = Release|Win32
		{6DB1FC63-B153-4279-92B7-D8A11AF285D6}.Release|x64.ActiveCfg = Release|x64
		{6DB1FC63-B153-4279-92B7-D8A11AF285D6}.Release|x64.Build.0 = Release|x64
	EndGlobalSection
	GlobalSection(SolutionProperties) = preSolution
		HideSolutionNode = FALSE
	EndGlobalSection
	GlobalSection(ExtensibilityGlobals) = postSolution
		SolutionGuid = {7097C9E4-07F8-48C6-A888-BBA9EBB5D17D}
	EndGlobalSection
EndGlobal
